
Microsoft Visual Studio Solution File, Format Version 12.00
# Visual Studio Version 16
VisualStudioVersion = 16.0.31515.178
MinimumVisualStudioVersion = 10.0.40219.1
Project("{9A19103F-16F7-4668-BE54-9A1E7A4F7556}") = "HetBookStore", "HetBookStore\HetBookStore.csproj", "{64C1D428-A3F3-403B-BAF3-6199E8585A83}"
EndProject
Project("{FAE04EC0-301F-11D3-BF4B-00C04F79EFBC}") = "HetBook.DataAccess", "HetBook.DataAccess\HetBook.DataAccess.csproj", "{B47CE626-56C9-4E23-A624-1C89D189DC52}"
EndProject
Project("{FAE04EC0-301F-11D3-BF4B-00C04F79EFBC}") = "HetBook.Models", "HetBook.Models\HetBook.Models.csproj", "{F9B19BE8-BAA3-459B-838D-E613DBB3E231}"
EndProject
Project("{FAE04EC0-301F-11D3-BF4B-00C04F79EFBC}") = "HetBook.Utility", "HetBook.Utility\HetBook.Utility.csproj", "{1EBFBCD9-08B6-4DB8-B01C-08DB9828D801}"
EndProject
Global
	GlobalSection(SolutionConfigurationPlatforms) = preSolution
		Debug|Any CPU = Debug|Any CPU
		Release|Any CPU = Release|Any CPU
	EndGlobalSection
	GlobalSection(ProjectConfigurationPlatforms) = postSolution
		{64C1D428-A3F3-403B-BAF3-6199E8585A83}.Debug|Any CPU.ActiveCfg = Debug|Any CPU
		{64C1D428-A3F3-403B-BAF3-6199E8585A83}.Debug|Any CPU.Build.0 = Debug|Any CPU
		{64C1D428-A3F3-403B-BAF3-6199E8585A83}.Release|Any CPU.ActiveCfg = Release|Any CPU
		{64C1D428-A3F3-403B-BAF3-6199E8585A83}.Release|Any CPU.Build.0 = Release|Any CPU
		{B47CE626-56C9-4E23-A624-1C89D189DC52}.Debug|Any CPU.ActiveCfg = Debug|Any CPU
		{B47CE626-56C9-4E23-A624-1C89D189DC52}.Debug|Any CPU.Build.0 = Debug|Any CPU
		{B47CE626-56C9-4E23-A624-1C89D189DC52}.Release|Any CPU.ActiveCfg = Release|Any CPU
		{B47CE626-56C9-4E23-A624-1C89D189DC52}.Release|Any CPU.Build.0 = Release|Any CPU
		{F9B19BE8-BAA3-459B-838D-E613DBB3E231}.Debug|Any CPU.ActiveCfg = Debug|Any CPU
		{F9B19BE8-BAA3-459B-838D-E613DBB3E231}.Debug|Any CPU.Build.0 = Debug|Any CPU
		{F9B19BE8-BAA3-459B-838D-E613DBB3E231}.Release|Any CPU.ActiveCfg = Release|Any CPU
		{F9B19BE8-BAA3-459B-838D-E613DBB3E231}.Release|Any CPU.Build.0 = Release|Any CPU
		{1EBFBCD9-08B6-4DB8-B01C-08DB9828D801}.Debug|Any CPU.ActiveCfg = Debug|Any CPU
		{1EBFBCD9-08B6-4DB8-B01C-08DB9828D801}.Debug|Any CPU.Build.0 = Debug|Any CPU
		{1EBFBCD9-08B6-4DB8-B01C-08DB9828D801}.Release|Any CPU.ActiveCfg = Release|Any CPU
		{1EBFBCD9-08B6-4DB8-B01C-08DB9828D801}.Release|Any CPU.Build.0 = Release|Any CPU
	EndGlobalSection
	GlobalSection(SolutionProperties) = preSolution
		HideSolutionNode = FALSE
	EndGlobalSection
	GlobalSection(ExtensibilityGlobals) = postSolution
		SolutionGuid = {39C98F8F-FE8F-4FD2-B8B7-2A0C92DDB1B3}
	EndGlobalSection
EndGlobal
